// !$*UTF8*$!
{
	archiveVersion = 1;
	classes = {
	};
	objectVersion = 77;
	objects = {

/* Begin PBXContainerItemProxy section */
		24966EBC2E64EA0B0003A7DB /* PBXContainerItemProxy */ = {
			isa = PBXContainerItemProxy;
			containerPortal = 24966EA62E64EA090003A7DB /* Project object */;
			proxyType = 1;
			remoteGlobalIDString = 24966EAD2E64EA090003A7DB;
			remoteInfo = FIRECalc;
		};
		24966EC62E64EA0B0003A7DB /* PBXContainerItemProxy */ = {
			isa = PBXContainerItemProxy;
			containerPortal = 24966EA62E64EA090003A7DB /* Project object */;
			proxyType = 1;
			remoteGlobalIDString = 24966EAD2E64EA090003A7DB;
			remoteInfo = FIRECalc;
		};
/* End PBXContainerItemProxy section */

/* Begin PBXFileReference section */
		24966EAE2E64EA090003A7DB /* FIRECalc.app */ = {isa = PBXFileReference; explicitFileType = wrapper.application; includeInIndex = 0; path = FIRECalc.app; sourceTree = BUILT_PRODUCTS_DIR; };
		24966EBB2E64EA0B0003A7DB /* FIRECalcTests.xctest */ = {isa = PBXFileReference; explicitFileType = wrapper.cfbundle; includeInIndex = 0; path = FIRECalcTests.xctest; sourceTree = BUILT_PRODUCTS_DIR; };
		24966EC52E64EA0B0003A7DB /* FIRECalcUITests.xctest */ = {isa = PBXFileReference; explicitFileType = wrapper.cfbundle; includeInIndex = 0; path = FIRECalcUITests.xctest; sourceTree = BUILT_PRODUCTS_DIR; };
/* End PBXFileReference section */

/* Begin PBXFileSystemSynchronizedRootGroup section */
		24966EB02E64EA090003A7DB /* FIRECalc */ = {
			isa = PBXFileSystemSynchronizedRootGroup;
			path = FIRECalc;
			sourceTree = "<group>";
		};
		24966EBE2E64EA0B0003A7DB /* FIRECalcTests */ = {
			isa = PBXFileSystemSynchronizedRootGroup;
			path = FIRECalcTests;
			sourceTree = "<group>";
		};
		24966EC82E64EA0B0003A7DB /* FIRECalcUITests */ = {
			isa = PBXFileSystemSynchronizedRootGroup;
			path = FIRECalcUITests;
			sourceTree = "<group>";
		};
/* End PBXFileSystemSynchronizedRootGroup section */

/* Begin PBXFrameworksBuildPhase section */
		24966EAB2E64EA090003A7DB /* Frameworks */ = {
			isa = PBXFrameworksBuildPhase;
			buildActionMask = 2147483647;
			files = (
			);
			runOnlyForDeploymentPostprocessing = 0;
		};
		24966EB82E64EA0B0003A7DB /* Frameworks */ = {
			isa = PBXFrameworksBuildPhase;
			buildActionMask = 2147483647;
			files = (
			);
			runOnlyForDeploymentPostprocessing = 0;
		};
		24966EC22E64EA0B0003A7DB /* Frameworks */ = {
			isa = PBXFrameworksBuildPhase;
			buildActionMask = 2147483647;
			files = (
			);
			runOnlyForDeploymentPostprocessing = 0;
		};
/* End PBXFrameworksBuildPhase section */

/* Begin PBXGroup section */
		24966EA52E64EA090003A7DB = {
			isa = PBXGroup;
			children = (
				24966EB02E64EA090003A7DB /* FIRECalc */,
				24966EBE2E64EA0B0003A7DB /* FIRECalcTests */,
				24966EC82E64EA0B0003A7DB /* FIRECalcUITests */,
				24966EAF2E64EA090003A7DB /* Products */,
			);
			sourceTree = "<group>";
		};
		24966EAF2E64EA090003A7DB /* Products */ = {
			isa = PBXGroup;
			children = (
				24966EAE2E64EA090003A7DB /* FIRECalc.app */,
				24966EBB2E64EA0B0003A7DB /* FIRECalcTests.xctest */,
				24966EC52E64EA0B0003A7DB /* FIRECalcUITests.xctest */,
			);
			name = Products;
			sourceTree = "<group>";
		};
/* End PBXGroup section */

/* Begin PBXNativeTarget section */
		24966EAD2E64EA090003A7DB /* FIRECalc */ = {
			isa = PBXNativeTarget;
			buildConfigurationList = 24966ECF2E64EA0B0003A7DB /* Build configuration list for PBXNativeTarget "FIRECalc" */;
			buildPhases = (
				24966EAA2E64EA090003A7DB /* Sources */,
				24966EAB2E64EA090003A7DB /* Frameworks */,
				24966EAC2E64EA090003A7DB /* Resources */,
			);
			buildRules = (
			);
			dependencies = (
			);
			fileSystemSynchronizedGroups = (
				24966EB02E64EA090003A7DB /* FIRECalc */,
			);
			name = FIRECalc;
			packageProductDependencies = (
			);
			productName = FIRECalc;
			productReference = 24966EAE2E64EA090003A7DB /* FIRECalc.app */;
			productType = "com.apple.product-type.application";
		};
		24966EBA2E64EA0B0003A7DB /* FIRECalcTests */ = {
			isa = PBXNativeTarget;
			buildConfigurationList = 24966ED22E64EA0B0003A7DB /* Build configuration list for PBXNativeTarget "FIRECalcTests" */;
			buildPhases = (
				24966EB72E64EA0B0003A7DB /* Sources */,
				24966EB82E64EA0B0003A7DB /* Frameworks */,
				24966EB92E64EA0B0003A7DB /* Resources */,
			);
			buildRules = (
			);
			dependencies = (
				24966EBD2E64EA0B0003A7DB /* PBXTargetDependency */,
			);
			fileSystemSynchronizedGroups = (
				24966EBE2E64EA0B0003A7DB /* FIRECalcTests */,
			);
			name = FIRECalcTests;
			packageProductDependencies = (
			);
			productName = FIRECalcTests;
			productReference = 24966EBB2E64EA0B0003A7DB /* FIRECalcTests.xctest */;
			productType = "com.apple.product-type.bundle.unit-test";
		};
		24966EC42E64EA0B0003A7DB /* FIRECalcUITests */ = {
			isa = PBXNativeTarget;
			buildConfigurationList = 24966ED52E64EA0B0003A7DB /* Build configuration list for PBXNativeTarget "FIRECalcUITests" */;
			buildPhases = (
				24966EC12E64EA0B0003A7DB /* Sources */,
				24966EC22E64EA0B0003A7DB /* Frameworks */,
				24966EC32E64EA0B0003A7DB /* Resources */,
			);
			buildRules = (
			);
			dependencies = (
				24966EC72E64EA0B0003A7DB /* PBXTargetDependency */,
			);
			fileSystemSynchronizedGroups = (
				24966EC82E64EA0B0003A7DB /* FIRECalcUITests */,
			);
			name = FIRECalcUITests;
			packageProductDependencies = (
			);
			productName = FIRECalcUITests;
			productReference = 24966EC52E64EA0B0003A7DB /* FIRECalcUITests.xctest */;
			productType = "com.apple.product-type.bundle.ui-testing";
		};
/* End PBXNativeTarget section */

/* Begin PBXProject section */
		24966EA62E64EA090003A7DB /* Project object */ = {
			isa = PBXProject;
			attributes = {
				BuildIndependentTargetsInParallel = 1;
				LastSwiftUpdateCheck = 1630;
				LastUpgradeCheck = 1630;
				TargetAttributes = {
					24966EAD2E64EA090003A7DB = {
						CreatedOnToolsVersion = 16.3;
					};
					24966EBA2E64EA0B0003A7DB = {
						CreatedOnToolsVersion = 16.3;
						TestTargetID = 24966EAD2E64EA090003A7DB;
					};
					24966EC42E64EA0B0003A7DB = {
						CreatedOnToolsVersion = 16.3;
						TestTargetID = 24966EAD2E64EA090003A7DB;
					};
				};
			};
			buildConfigurationList = 24966EA92E64EA090003A7DB /* Build configuration list for PBXProject "FIRECalc" */;
			developmentRegion = en;
			hasScannedForEncodings = 0;
			knownRegions = (
				en,
				Base,
			);
			mainGroup = 24966EA52E64EA090003A7DB;
			minimizedProjectReferenceProxies = 1;
			preferredProjectObjectVersion = 77;
			productRefGroup = 24966EAF2E64EA090003A7DB /* Products */;
			projectDirPath = "";
			projectRoot = "";
			targets = (
				24966EAD2E64EA090003A7DB /* FIRECalc */,
				24966EBA2E64EA0B0003A7DB /* FIRECalcTests */,
				24966EC42E64EA0B0003A7DB /* FIRECalcUITests */,
			);
		};
/* End PBXProject section */

/* Begin PBXResourcesBuildPhase section */
		24966EAC2E64EA090003A7DB /* Resources */ = {
			isa = PBXResourcesBuildPhase;
			buildActionMask = 2147483647;
			files = (
			);
			runOnlyForDeploymentPostprocessing = 0;
		};
		24966EB92E64EA0B0003A7DB /* Resources */ = {
			isa = PBXResourcesBuildPhase;
			buildActionMask = 2147483647;
			files = (
			);
			runOnlyForDeploymentPostprocessing = 0;
		};
		24966EC32E64EA0B0003A7DB /* Resources */ = {
			isa = PBXResourcesBuildPhase;
			buildActionMask = 2147483647;
			files = (
			);
			runOnlyForDeploymentPostprocessing = 0;
		};
/* End PBXResourcesBuildPhase section */

/* Begin PBXSourcesBuildPhase section */
		24966EAA2E64EA090003A7DB /* Sources */ = {
			isa = PBXSourcesBuildPhase;
			buildActionMask = 2147483647;
			files = (
			);
			runOnlyForDeploymentPostprocessing = 0;
		};
		24966EB72E64EA0B0003A7DB /* Sources */ = {
			isa = PBXSourcesBuildPhase;
			buildActionMask = 2147483647;
			files = (
			);
			runOnlyForDeploymentPostprocessing = 0;
		};
		24966EC12E64EA0B0003A7DB /* Sources */ = {
			isa = PBXSourcesBuildPhase;
			buildActionMask = 2147483647;
			files = (
			);
			runOnlyForDeploymentPostprocessing = 0;
		};
/* End PBXSourcesBuildPhase section */

/* Begin PBXTargetDependency section */
		24966EBD2E64EA0B0003A7DB /* PBXTargetDependency */ = {
			isa = PBXTargetDependency;
			target = 24966EAD2E64EA090003A7DB /* FIRECalc */;
			targetProxy = 24966EBC2E64EA0B0003A7DB /* PBXContainerItemProxy */;
		};
		24966EC72E64EA0B0003A7DB /* PBXTargetDependency */ = {
			isa = PBXTargetDependency;
			target = 24966EAD2E64EA090003A7DB /* FIRECalc */;
			targetProxy = 24966EC62E64EA0B0003A7DB /* PBXContainerItemProxy */;
		};
/* End PBXTargetDependency section */

/* Begin XCBuildConfiguration section */
		24966ECD2E64EA0B0003A7DB /* Debug */ = {
			isa = XCBuildConfiguration;
			buildSettings = {
				ALWAYS_SEARCH_USER_PATHS = NO;
				ASSETCATALOG_COMPILER_GENERATE_SWIFT_ASSET_SYMBOL_EXTENSIONS = YES;
				CLANG_ANALYZER_NONNULL = YES;
				CLANG_ANALYZER_NUMBER_OBJECT_CONVERSION = YES_AGGRESSIVE;
				CLANG_CXX_LANGUAGE_STANDARD = "gnu++20";
				CLANG_ENABLE_MODULES = YES;
				CLANG_ENABLE_OBJC_ARC = YES;
				CLANG_ENABLE_OBJC_WEAK = YES;
				CLANG_WARN_BLOCK_CAPTURE_AUTORELEASING = YES;
				CLANG_WARN_BOOL_CONVERSION = YES;
				CLANG_WARN_COMMA = YES;
				CLANG_WARN_CONSTANT_CONVERSION = YES;
				CLANG_WARN_DEPRECATED_OBJC_IMPLEMENTATIONS = YES;
				CLANG_WARN_DIRECT_OBJC_ISA_USAGE = YES_ERROR;
				CLANG_WARN_DOCUMENTATION_COMMENTS = YES;
				CLANG_WARN_EMPTY_BODY = YES;
				CLANG_WARN_ENUM_CONVERSION = YES;
				CLANG_WARN_INFINITE_RECURSION = YES;
				CLANG_WARN_INT_CONVERSION = YES;
				CLANG_WARN_NON_LITERAL_NULL_CONVERSION = YES;
				CLANG_WARN_OBJC_IMPLICIT_RETAIN_SELF = YES;
				CLANG_WARN_OBJC_LITERAL_CONVERSION = YES;
				CLANG_WARN_OBJC_ROOT_CLASS = YES_ERROR;
				CLANG_WARN_QUOTED_INCLUDE_IN_FRAMEWORK_HEADER = YES;
				CLANG_WARN_RANGE_LOOP_ANALYSIS = YES;
				CLANG_WARN_STRICT_PROTOTYPES = YES;
				CLANG_WARN_SUSPICIOUS_MOVE = YES;
				CLANG_WARN_UNGUARDED_AVAILABILITY = YES_AGGRESSIVE;
				CLANG_WARN_UNREACHABLE_CODE = YES;
				CLANG_WARN__DUPLICATE_METHOD_MATCH = YES;
				COPY_PHASE_STRIP = NO;
				DEBUG_INFORMATION_FORMAT = dwarf;
				DEVELOPMENT_TEAM = 8JKMQ4CU85;
				ENABLE_STRICT_OBJC_MSGSEND = YES;
				ENABLE_TESTABILITY = YES;
				ENABLE_USER_SCRIPT_SANDBOXING = YES;
				GCC_C_LANGUAGE_STANDARD = gnu17;
				GCC_DYNAMIC_NO_PIC = NO;
				GCC_NO_COMMON_BLOCKS = YES;
				GCC_OPTIMIZATION_LEVEL = 0;
				GCC_PREPROCESSOR_DEFINITIONS = (
					"DEBUG=1",
					"$(inherited)",
				);
				GCC_WARN_64_TO_32_BIT_CONVERSION = YES;
				GCC_WARN_ABOUT_RETURN_TYPE = YES_ERROR;
				GCC_WARN_UNDECLARED_SELECTOR = YES;
				GCC_WARN_UNINITIALIZED_AUTOS = YES_AGGRESSIVE;
				GCC_WARN_UNUSED_FUNCTION = YES;
				GCC_WARN_UNUSED_VARIABLE = YES;
				IPHONEOS_DEPLOYMENT_TARGET = 18.4;
				LOCALIZATION_PREFERS_STRING_CATALOGS = YES;
				MTL_ENABLE_DEBUG_INFO = INCLUDE_SOURCE;
				MTL_FAST_MATH = YES;
				ONLY_ACTIVE_ARCH = YES;
				SDKROOT = iphoneos;
				SWIFT_ACTIVE_COMPILATION_CONDITIONS = "DEBUG $(inherited)";
				SWIFT_OPTIMIZATION_LEVEL = "-Onone";
			};
			name = Debug;
		};
		24966ECE2E64EA0B0003A7DB /* Release */ = {
			isa = XCBuildConfiguration;
			buildSettings = {
				ALWAYS_SEARCH_USER_PATHS = NO;
				ASSETCATALOG_COMPILER_GENERATE_SWIFT_ASSET_SYMBOL_EXTENSIONS = YES;
				CLANG_ANALYZER_NONNULL = YES;
				CLANG_ANALYZER_NUMBER_OBJECT_CONVERSION = YES_AGGRESSIVE;
				CLANG_CXX_LANGUAGE_STANDARD = "gnu++20";
				CLANG_ENABLE_MODULES = YES;
				CLANG_ENABLE_OBJC_ARC = YES;
				CLANG_ENABLE_OBJC_WEAK = YES;
				CLANG_WARN_BLOCK_CAPTURE_AUTORELEASING = YES;
				CLANG_WARN_BOOL_CONVERSION = YES;
				CLANG_WARN_COMMA = YES;
				CLANG_WARN_CONSTANT_CONVERSION = YES;
				CLANG_WARN_DEPRECATED_OBJC_IMPLEMENTATIONS = YES;
				CLANG_WARN_DIRECT_OBJC_ISA_USAGE = YES_ERROR;
				CLANG_WARN_DOCUMENTATION_COMMENTS = YES;
				CLANG_WARN_EMPTY_BODY = YES;
				CLANG_WARN_ENUM_CONVERSION = YES;
				CLANG_WARN_INFINITE_RECURSION = YES;
				CLANG_WARN_INT_CONVERSION = YES;
				CLANG_WARN_NON_LITERAL_NULL_CONVERSION = YES;
				CLANG_WARN_OBJC_IMPLICIT_RETAIN_SELF = YES;
				CLANG_WARN_OBJC_LITERAL_CONVERSION = YES;
				CLANG_WARN_OBJC_ROOT_CLASS = YES_ERROR;
				CLANG_WARN_QUOTED_INCLUDE_IN_FRAMEWORK_HEADER = YES;
				CLANG_WARN_RANGE_LOOP_ANALYSIS = YES;
				CLANG_WARN_STRICT_PROTOTYPES = YES;
				CLANG_WARN_SUSPICIOUS_MOVE = YES;
				CLANG_WARN_UNGUARDED_AVAILABILITY = YES_AGGRESSIVE;
				CLANG_WARN_UNREACHABLE_CODE = YES;
				CLANG_WARN__DUPLICATE_METHOD_MATCH = YES;
				COPY_PHASE_STRIP = NO;
				DEBUG_INFORMATION_FORMAT = "dwarf-with-dsym";
				DEVELOPMENT_TEAM = 8JKMQ4CU85;
				ENABLE_NS_ASSERTIONS = NO;
				ENABLE_STRICT_OBJC_MSGSEND = YES;
				ENABLE_USER_SCRIPT_SANDBOXING = YES;
				GCC_C_LANGUAGE_STANDARD = gnu17;
				GCC_NO_COMMON_BLOCKS = YES;
				GCC_WARN_64_TO_32_BIT_CONVERSION = YES;
				GCC_WARN_ABOUT_RETURN_TYPE = YES_ERROR;
				GCC_WARN_UNDECLARED_SELECTOR = YES;
				GCC_WARN_UNINITIALIZED_AUTOS = YES_AGGRESSIVE;
				GCC_WARN_UNUSED_FUNCTION = YES;
				GCC_WARN_UNUSED_VARIABLE = YES;
				IPHONEOS_DEPLOYMENT_TARGET = 18.4;
				LOCALIZATION_PREFERS_STRING_CATALOGS = YES;
				MTL_ENABLE_DEBUG_INFO = NO;
				MTL_FAST_MATH = YES;
				SDKROOT = iphoneos;
				SWIFT_COMPILATION_MODE = wholemodule;
				VALIDATE_PRODUCT = YES;
			};
			name = Release;
		};
		24966ED02E64EA0B0003A7DB /* Debug */ = {
			isa = XCBuildConfiguration;
			buildSettings = {
				ASSETCATALOG_COMPILER_APPICON_NAME = AppIcon;
				ASSETCATALOG_COMPILER_GLOBAL_ACCENT_COLOR_NAME = AccentColor;
				CODE_SIGN_STYLE = Automatic;
				CURRENT_PROJECT_VERSION = 1;
				DEVELOPMENT_TEAM = 8JKMQ4CU85;
				ENABLE_PREVIEWS = YES;
				GENERATE_INFOPLIST_FILE = YES;
				INFOPLIST_KEY_UIApplicationSceneManifest_Generation = YES;
				INFOPLIST_KEY_UIApplicationSupportsIndirectInputEvents = YES;
				INFOPLIST_KEY_UILaunchScreen_Generation = YES;
				INFOPLIST_KEY_UISupportedInterfaceOrientations_iPad = "UIInterfaceOrientationPortrait UIInterfaceOrientationPortraitUpsideDown UIInterfaceOrientationLandscapeLeft UIInterfaceOrientationLandscapeRight";
				INFOPLIST_KEY_UISupportedInterfaceOrientations_iPhone = "UIInterfaceOrientationPortrait UIInterfaceOrientationLandscapeLeft UIInterfaceOrientationLandscapeRight";
				LD_RUNPATH_SEARCH_PATHS = (
					"$(inherited)",
					"@executable_path/Frameworks",
				);
				MARKETING_VERSION = 1.0;
				PRODUCT_BUNDLE_IDENTIFIER = com.dsull.FIRECalc;
				PRODUCT_NAME = "$(TARGET_NAME)";
				SWIFT_EMIT_LOC_STRINGS = YES;
				SWIFT_VERSION = 5.0;
				TARGETED_DEVICE_FAMILY = "1,2";
			};
			name = Debug;
		};
		24966ED12E64EA0B0003A7DB /* Release */ = {
			isa = XCBuildConfiguration;
			buildSettings = {
				ASSETCATALOG_COMPILER_APPICON_NAME = AppIcon;
				ASSETCATALOG_COMPILER_GLOBAL_ACCENT_COLOR_NAME = AccentColor;
				CODE_SIGN_STYLE = Automatic;
				CURRENT_PROJECT_VERSION = 1;
				DEVELOPMENT_TEAM = 8JKMQ4CU85;
				ENABLE_PREVIEWS = YES;
				GENERATE_INFOPLIST_FILE = YES;
				INFOPLIST_KEY_UIApplicationSceneManifest_Generation = YES;
				INFOPLIST_KEY_UIApplicationSupportsIndirectInputEvents = YES;
				INFOPLIST_KEY_UILaunchScreen_Generation = YES;
				INFOPLIST_KEY_UISupportedInterfaceOrientations_iPad = "UIInterfaceOrientationPortrait UIInterfaceOrientationPortraitUpsideDown UIInterfaceOrientationLandscapeLeft UIInterfaceOrientationLandscapeRight";
				INFOPLIST_KEY_UISupportedInterfaceOrientations_iPhone = "UIInterfaceOrientationPortrait UIInterfaceOrientationLandscapeLeft UIInterfaceOrientationLandscapeRight";
				LD_RUNPATH_SEARCH_PATHS = (
					"$(inherited)",
					"@executable_path/Frameworks",
				);
				MARKETING_VERSION = 1.0;
				PRODUCT_BUNDLE_IDENTIFIER = com.dsull.FIRECalc;
				PRODUCT_NAME = "$(TARGET_NAME)";
				SWIFT_EMIT_LOC_STRINGS = YES;
				SWIFT_VERSION = 5.0;
				TARGETED_DEVICE_FAMILY = "1,2";
			};
			name = Release;
		};
		24966ED32E64EA0B0003A7DB /* Debug */ = {
			isa = XCBuildConfiguration;
			buildSettings = {
				BUNDLE_LOADER = "$(TEST_HOST)";
				CODE_SIGN_STYLE = Automatic;
				CURRENT_PROJECT_VERSION = 1;
				DEVELOPMENT_TEAM = 8JKMQ4CU85;
				GENERATE_INFOPLIST_FILE = YES;
				IPHONEOS_DEPLOYMENT_TARGET = 18.4;
				MARKETING_VERSION = 1.0;
				PRODUCT_BUNDLE_IDENTIFIER = com.dsull.FIRECalcTests;
				PRODUCT_NAME = "$(TARGET_NAME)";
				SWIFT_EMIT_LOC_STRINGS = NO;
				SWIFT_VERSION = 5.0;
				TARGETED_DEVICE_FAMILY = "1,2";
				TEST_HOST = "$(BUILT_PRODUCTS_DIR)/FIRECalc.app/$(BUNDLE_EXECUTABLE_FOLDER_PATH)/FIRECalc";
			};
			name = Debug;
		};
		24966ED42E64EA0B0003A7DB /* Release */ = {
			isa = XCBuildConfiguration;
			buildSettings = {
				BUNDLE_LOADER = "$(TEST_HOST)";
				CODE_SIGN_STYLE = Automatic;
				CURRENT_PROJECT_VERSION = 1;
				DEVELOPMENT_TEAM = 8JKMQ4CU85;
				GENERATE_INFOPLIST_FILE = YES;
				IPHONEOS_DEPLOYMENT_TARGET = 18.4;
				MARKETING_VERSION = 1.0;
				PRODUCT_BUNDLE_IDENTIFIER = com.dsull.FIRECalcTests;
				PRODUCT_NAME = "$(TARGET_NAME)";
				SWIFT_EMIT_LOC_STRINGS = NO;
				SWIFT_VERSION = 5.0;
				TARGETED_DEVICE_FAMILY = "1,2";
				TEST_HOST = "$(BUILT_PRODUCTS_DIR)/FIRECalc.app/$(BUNDLE_EXECUTABLE_FOLDER_PATH)/FIRECalc";
			};
			name = Release;
		};
		24966ED62E64EA0B0003A7DB /* Debug */ = {
			isa = XCBuildConfiguration;
			buildSettings = {
				CODE_SIGN_STYLE = Automatic;
				CURRENT_PROJECT_VERSION = 1;
				DEVELOPMENT_TEAM = 8JKMQ4CU85;
				GENERATE_INFOPLIST_FILE = YES;
				MARKETING_VERSION = 1.0;
				PRODUCT_BUNDLE_IDENTIFIER = com.dsull.FIRECalcUITests;
				PRODUCT_NAME = "$(TARGET_NAME)";
				SWIFT_EMIT_LOC_STRINGS = NO;
				SWIFT_VERSION = 5.0;
				TARGETED_DEVICE_FAMILY = "1,2";
				TEST_TARGET_NAME = FIRECalc;
			};
			name = Debug;
		};
		24966ED72E64EA0B0003A7DB /* Release */ = {
			isa = XCBuildConfiguration;
			buildSettings = {
				CODE_SIGN_STYLE = Automatic;
				CURRENT_PROJECT_VERSION = 1;
				DEVELOPMENT_TEAM = 8JKMQ4CU85;
				GENERATE_INFOPLIST_FILE = YES;
				MARKETING_VERSION = 1.0;
				PRODUCT_BUNDLE_IDENTIFIER = com.dsull.FIRECalcUITests;
				PRODUCT_NAME = "$(TARGET_NAME)";
				SWIFT_EMIT_LOC_STRINGS = NO;
				SWIFT_VERSION = 5.0;
				TARGETED_DEVICE_FAMILY = "1,2";
				TEST_TARGET_NAME = FIRECalc;
			};
			name = Release;
		};
/* End XCBuildConfiguration section */

/* Begin XCConfigurationList section */
		24966EA92E64EA090003A7DB /* Build configuration list for PBXProject "FIRECalc" */ = {
			isa = XCConfigurationList;
			buildConfigurations = (
				24966ECD2E64EA0B0003A7DB /* Debug */,
				24966ECE2E64EA0B0003A7DB /* Release */,
			);
			defaultConfigurationIsVisible = 0;
			defaultConfigurationName = Release;
		};
		24966ECF2E64EA0B0003A7DB /* Build configuration list for PBXNativeTarget "FIRECalc" */ = {
			isa = XCConfigurationList;
			buildConfigurations = (
				24966ED02E64EA0B0003A7DB /* Debug */,
				24966ED12E64EA0B0003A7DB /* Release */,
			);
			defaultConfigurationIsVisible = 0;
			defaultConfigurationName = Release;
		};
		24966ED22E64EA0B0003A7DB /* Build configuration list for PBXNativeTarget "FIRECalcTests" */ = {
			isa = XCConfigurationList;
			buildConfigurations = (
				24966ED32E64EA0B0003A7DB /* Debug */,
				24966ED42E64EA0B0003A7DB /* Release */,
			);
			defaultConfigurationIsVisible = 0;
			defaultConfigurationName = Release;
		};
		24966ED52E64EA0B0003A7DB /* Build configuration list for PBXNativeTarget "FIRECalcUITests" */ = {
			isa = XCConfigurationList;
			buildConfigurations = (
				24966ED62E64EA0B0003A7DB /* Debug */,
				24966ED72E64EA0B0003A7DB /* Release */,
			);
			defaultConfigurationIsVisible = 0;
			defaultConfigurationName = Release;
		};
/* End XCConfigurationList section */
	};
	rootObject = 24966EA62E64EA090003A7DB /* Project object */;
}
